
Microsoft Visual Studio Solution File, Format Version 12.00
# Visual Studio Version 17
VisualStudioVersion = 17.14.37012.4 d17.14
MinimumVisualStudioVersion = 10.0.40219.1
Project("{FAE04EC0-301F-11D3-BF4B-00C04F79EFBC}") = "26-DynamicPropertiesViewModel", "26-DynamicPropertiesViewModel.csproj", "{1C95BBD1-C727-4FA3-97B5-37527C2126BB}"
EndProject
Global
	GlobalSection(SolutionConfigurationPlatforms) = preSolution
		Debug|Any CPU = Debug|Any CPU
		Release|Any CPU = Release|Any CPU
	EndGlobalSection
	GlobalSection(ProjectConfigurationPlatforms) = postSolution
		{1C95BBD1-C727-4FA3-97B5-37527C2126BB}.Debug|Any CPU.ActiveCfg = Debug|Any CPU
		{1C95BBD1-C727-4FA3-97B5-37527C2126BB}.Debug|Any CPU.Build.0 = Debug|Any CPU
		{1C95BBD1-C727-4FA3-97B5-37527C2126BB}.Release|Any CPU.ActiveCfg = Release|Any CPU
		{1C95BBD1-C727-4FA3-97B5-37527C2126BB}.Release|Any CPU.Build.0 = Release|Any CPU
	EndGlobalSection
	GlobalSection(SolutionProperties) = preSolution
		HideSolutionNode = FALSE
	EndGlobalSection
	GlobalSection(ExtensibilityGlobals) = postSolution
		SolutionGuid = {968ADA49-9064-42AE-908A-806B56E1A1D2}
	EndGlobalSection
EndGlobal
